// !$*UTF8*$!
{
	archiveVersion = 1;
	classes = {
	};
	objectVersion = 50;
	objects = {

/* Begin PBXBuildFile section */
		8CBDE8592AE69C9C00E5DEE5 /* main.m in Sources */ = {isa = PBXBuildFile; fileRef = 8CBDE8582AE69C9C00E5DEE5 /* main.m */; };
		8CBDE8622AE69DFA00E5DEE5 /* Photographer.m in Sources */ = {isa = PBXBuildFile; fileRef = 8CBDE8612AE69DFA00E5DEE5 /* Photographer.m */; };
		8CBDE8662AE69E2C00E5DEE5 /* Trainer.m in Sources */ = {isa = PBXBuildFile; fileRef = 8CBDE8652AE69E2C00E5DEE5 /* Trainer.m */; };
/* End PBXBuildFile section */

/* Begin PBXCopyFilesBuildPhase section */
		8CBDE8532AE69C9B00E5DEE5 /* CopyFiles */ = {
			isa = PBXCopyFilesBuildPhase;
			buildActionMask = 2147483647;
			dstPath = /usr/share/man/man1/;
			dstSubfolderSpec = 0;
			files = (
			);
			runOnlyForDeploymentPostprocessing = 1;
		};
/* End PBXCopyFilesBuildPhase section */

/* Begin PBXFileReference section */
		8CBDE8552AE69C9C00E5DEE5 /* lesson_2 */ = {isa = PBXFileReference; explicitFileType = "compiled.mach-o.executable"; includeInIndex = 0; path = lesson_2; sourceTree = BUILT_PRODUCTS_DIR; };
		8CBDE8582AE69C9C00E5DEE5 /* main.m */ = {isa = PBXFileReference; lastKnownFileType = sourcecode.c.objc; path = main.m; sourceTree = "<group>"; };
		8CBDE8602AE69DFA00E5DEE5 /* Photographer.h */ = {isa = PBXFileReference; lastKnownFileType = sourcecode.c.h; path = Photographer.h; sourceTree = "<group>"; };
		8CBDE8612AE69DFA00E5DEE5 /* Photographer.m */ = {isa = PBXFileReference; lastKnownFileType = sourcecode.c.objc; path = Photographer.m; sourceTree = "<group>"; };
		8CBDE8642AE69E2C00E5DEE5 /* Trainer.h */ = {isa = PBXFileReference; lastKnownFileType = sourcecode.c.h; path = Trainer.h; sourceTree = "<group>"; };
		8CBDE8652AE69E2C00E5DEE5 /* Trainer.m */ = {isa = PBXFileReference; lastKnownFileType = sourcecode.c.objc; path = Trainer.m; sourceTree = "<group>"; };
/* End PBXFileReference section */

/* Begin PBXFrameworksBuildPhase section */
		8CBDE8522AE69C9B00E5DEE5 /* Frameworks */ = {
			isa = PBXFrameworksBuildPhase;
			buildActionMask = 2147483647;
			files = (
			);
			runOnlyForDeploymentPostprocessing = 0;
		};
/* End PBXFrameworksBuildPhase section */

/* Begin PBXGroup section */
		8CBDE84C2AE69C9B00E5DEE5 = {
			isa = PBXGroup;
			children = (
				8CBDE8572AE69C9C00E5DEE5 /* lesson_2 */,
				8CBDE8562AE69C9C00E5DEE5 /* Products */,
			);
			sourceTree = "<group>";
		};
		8CBDE8562AE69C9C00E5DEE5 /* Products */ = {
			isa = PBXGroup;
			children = (
				8CBDE8552AE69C9C00E5DEE5 /* lesson_2 */,
			);
			name = Products;
			sourceTree = "<group>";
		};
		8CBDE8572AE69C9C00E5DEE5 /* lesson_2 */ = {
			isa = PBXGroup;
			children = (
				8CBDE8582AE69C9C00E5DEE5 /* main.m */,
				8CBDE8602AE69DFA00E5DEE5 /* Photographer.h */,
				8CBDE8612AE69DFA00E5DEE5 /* Photographer.m */,
				8CBDE8642AE69E2C00E5DEE5 /* Trainer.h */,
				8CBDE8652AE69E2C00E5DEE5 /* Trainer.m */,
			);
			path = lesson_2;
			sourceTree = "<group>";
		};
/* End PBXGroup section */

/* Begin PBXNativeTarget section */
		8CBDE8542AE69C9B00E5DEE5 /* lesson_2 */ = {
			isa = PBXNativeTarget;
			buildConfigurationList = 8CBDE85C2AE69C9C00E5DEE5 /* Build configuration list for PBXNativeTarget "lesson_2" */;
			buildPhases = (
				8CBDE8512AE69C9B00E5DEE5 /* Sources */,
				8CBDE8522AE69C9B00E5DEE5 /* Frameworks */,
				8CBDE8532AE69C9B00E5DEE5 /* CopyFiles */,
			);
			buildRules = (
			);
			dependencies = (
			);
			name = lesson_2;
			productName = lesson_2;
			productReference = 8CBDE8552AE69C9C00E5DEE5 /* lesson_2 */;
			productType = "com.apple.product-type.tool";
		};
/* End PBXNativeTarget section */

/* Begin PBXProject section */
		8CBDE84D2AE69C9B00E5DEE5 /* Project object */ = {
			isa = PBXProject;
			attributes = {
				LastUpgradeCheck = 1240;
				TargetAttributes = {
					8CBDE8542AE69C9B00E5DEE5 = {
						CreatedOnToolsVersion = 12.4;
					};
				};
			};
			buildConfigurationList = 8CBDE8502AE69C9B00E5DEE5 /* Build configuration list for PBXProject "lesson_2" */;
			compatibilityVersion = "Xcode 9.3";
			developmentRegion = en;
			hasScannedForEncodings = 0;
			knownRegions = (
				en,
				Base,
			);
			mainGroup = 8CBDE84C2AE69C9B00E5DEE5;
			productRefGroup = 8CBDE8562AE69C9C00E5DEE5 /* Products */;
			projectDirPath = "";
			projectRoot = "";
			targets = (
				8CBDE8542AE69C9B00E5DEE5 /* lesson_2 */,
			);
		};
/* End PBXProject section */

/* Begin PBXSourcesBuildPhase section */
		8CBDE8512AE69C9B00E5DEE5 /* Sources */ = {
			isa = PBXSourcesBuildPhase;
			buildActionMask = 2147483647;
			files = (
				8CBDE8662AE69E2C00E5DEE5 /* Trainer.m in Sources */,
				8CBDE8622AE69DFA00E5DEE5 /* Photographer.m in Sources */,
				8CBDE8592AE69C9C00E5DEE5 /* main.m in Sources */,
			);
			runOnlyForDeploymentPostprocessing = 0;
		};
/* End PBXSourcesBuildPhase section */

/* Begin XCBuildConfiguration section */
		8CBDE85A2AE69C9C00E5DEE5 /* Debug */ = {
			isa = XCBuildConfiguration;
			buildSettings = {
				ALWAYS_SEARCH_USER_PATHS = NO;
				CLANG_ANALYZER_NONNULL = YES;
				CLANG_ANALYZER_NUMBER_OBJECT_CONVERSION = YES_AGGRESSIVE;
				CLANG_CXX_LANGUAGE_STANDARD = "gnu++14";
				CLANG_CXX_LIBRARY = "libc++";
				CLANG_ENABLE_MODULES = YES;
				CLANG_ENABLE_OBJC_ARC = YES;
				CLANG_ENABLE_OBJC_WEAK = YES;
				CLANG_WARN_BLOCK_CAPTURE_AUTORELEASING = YES;
				CLANG_WARN_BOOL_CONVERSION = YES;
				CLANG_WARN_COMMA = YES;
				CLANG_WARN_CONSTANT_CONVERSION = YES;
				CLANG_WARN_DEPRECATED_OBJC_IMPLEMENTATIONS = YES;
				CLANG_WARN_DIRECT_OBJC_ISA_USAGE = YES_ERROR;
				CLANG_WARN_DOCUMENTATION_COMMENTS = YES;
				CLANG_WARN_EMPTY_BODY = YES;
				CLANG_WARN_ENUM_CONVERSION = YES;
				CLANG_WARN_INFINITE_RECURSION = YES;
				CLANG_WARN_INT_CONVERSION = YES;
				CLANG_WARN_NON_LITERAL_NULL_CONVERSION = YES;
				CLANG_WARN_OBJC_IMPLICIT_RETAIN_SELF = YES;
				CLANG_WARN_OBJC_LITERAL_CONVERSION = YES;
				CLANG_WARN_OBJC_ROOT_CLASS = YES_ERROR;
				CLANG_WARN_QUOTED_INCLUDE_IN_FRAMEWORK_HEADER = YES;
				CLANG_WARN_RANGE_LOOP_ANALYSIS = YES;
				CLANG_WARN_STRICT_PROTOTYPES = YES;
				CLANG_WARN_SUSPICIOUS_MOVE = YES;
				CLANG_WARN_UNGUARDED_AVAILABILITY = YES_AGGRESSIVE;
				CLANG_WARN_UNREACHABLE_CODE = YES;
				CLANG_WARN__DUPLICATE_METHOD_MATCH = YES;
				COPY_PHASE_STRIP = NO;
				DEBUG_INFORMATION_FORMAT = dwarf;
				ENABLE_STRICT_OBJC_MSGSEND = YES;
				ENABLE_TESTABILITY = YES;
				GCC_C_LANGUAGE_STANDARD = gnu11;
				GCC_DYNAMIC_NO_PIC = NO;
				GCC_NO_COMMON_BLOCKS = YES;
				GCC_OPTIMIZATION_LEVEL = 0;
				GCC_PREPROCESSOR_DEFINITIONS = (
					"DEBUG=1",
					"$(inherited)",
				);
				GCC_WARN_64_TO_32_BIT_CONVERSION = YES;
				GCC_WARN_ABOUT_RETURN_TYPE = YES_ERROR;
				GCC_WARN_UNDECLARED_SELECTOR = YES;
				GCC_WARN_UNINITIALIZED_AUTOS = YES_AGGRESSIVE;
				GCC_WARN_UNUSED_FUNCTION = YES;
				GCC_WARN_UNUSED_VARIABLE = YES;
				MACOSX_DEPLOYMENT_TARGET = 10.15;
				MTL_ENABLE_DEBUG_INFO = INCLUDE_SOURCE;
				MTL_FAST_MATH = YES;
				ONLY_ACTIVE_ARCH = YES;
				SDKROOT = macosx;
			};
			name = Debug;
		};
		8CBDE85B2AE69C9C00E5DEE5 /* Release */ = {
			isa = XCBuildConfiguration;
			buildSettings = {
				ALWAYS_SEARCH_USER_PATHS = NO;
				CLANG_ANALYZER_NONNULL = YES;
				CLANG_ANALYZER_NUMBER_OBJECT_CONVERSION = YES_AGGRESSIVE;
				CLANG_CXX_LANGUAGE_STANDARD = "gnu++14";
				CLANG_CXX_LIBRARY = "libc++";
				CLANG_ENABLE_MODULES = YES;
				CLANG_ENABLE_OBJC_ARC = YES;
				CLANG_ENABLE_OBJC_WEAK = YES;
				CLANG_WARN_BLOCK_CAPTURE_AUTORELEASING = YES;
				CLANG_WARN_BOOL_CONVERSION = YES;
				CLANG_WARN_COMMA = YES;
				CLANG_WARN_CONSTANT_CONVERSION = YES;
				CLANG_WARN_DEPRECATED_OBJC_IMPLEMENTATIONS = YES;
				CLANG_WARN_DIRECT_OBJC_ISA_USAGE = YES_ERROR;
				CLANG_WARN_DOCUMENTATION_COMMENTS = YES;
				CLANG_WARN_EMPTY_BODY = YES;
				CLANG_WARN_ENUM_CONVERSION = YES;
				CLANG_WARN_INFINITE_RECURSION = YES;
				CLANG_WARN_INT_CONVERSION = YES;
				CLANG_WARN_NON_LITERAL_NULL_CONVERSION = YES;
				CLANG_WARN_OBJC_IMPLICIT_RETAIN_SELF = YES;
				CLANG_WARN_OBJC_LITERAL_CONVERSION = YES;
				CLANG_WARN_OBJC_ROOT_CLASS = YES_ERROR;
				CLANG_WARN_QUOTED_INCLUDE_IN_FRAMEWORK_HEADER = YES;
				CLANG_WARN_RANGE_LOOP_ANALYSIS = YES;
				CLANG_WARN_STRICT_PROTOTYPES = YES;
				CLANG_WARN_SUSPICIOUS_MOVE = YES;
				CLANG_WARN_UNGUARDED_AVAILABILITY = YES_AGGRESSIVE;
				CLANG_WARN_UNREACHABLE_CODE = YES;
				CLANG_WARN__DUPLICATE_METHOD_MATCH = YES;
				COPY_PHASE_STRIP = NO;
				DEBUG_INFORMATION_FORMAT = "dwarf-with-dsym";
				ENABLE_NS_ASSERTIONS = NO;
				ENABLE_STRICT_OBJC_MSGSEND = YES;
				GCC_C_LANGUAGE_STANDARD = gnu11;
				GCC_NO_COMMON_BLOCKS = YES;
				GCC_WARN_64_TO_32_BIT_CONVERSION = YES;
				GCC_WARN_ABOUT_RETURN_TYPE = YES_ERROR;
				GCC_WARN_UNDECLARED_SELECTOR = YES;
				GCC_WARN_UNINITIALIZED_AUTOS = YES_AGGRESSIVE;
				GCC_WARN_UNUSED_FUNCTION = YES;
				GCC_WARN_UNUSED_VARIABLE = YES;
				MACOSX_DEPLOYMENT_TARGET = 10.15;
				MTL_ENABLE_DEBUG_INFO = NO;
				MTL_FAST_MATH = YES;
				SDKROOT = macosx;
			};
			name = Release;
		};
		8CBDE85D2AE69C9C00E5DEE5 /* Debug */ = {
			isa = XCBuildConfiguration;
			buildSettings = {
				CODE_SIGN_STYLE = Automatic;
				PRODUCT_NAME = "$(TARGET_NAME)";
			};
			name = Debug;
		};
		8CBDE85E2AE69C9C00E5DEE5 /* Release */ = {
			isa = XCBuildConfiguration;
			buildSettings = {
				CODE_SIGN_STYLE = Automatic;
				PRODUCT_NAME = "$(TARGET_NAME)";
			};
			name = Release;
		};
/* End XCBuildConfiguration section */

/* Begin XCConfigurationList section */
		8CBDE8502AE69C9B00E5DEE5 /* Build configuration list for PBXProject "lesson_2" */ = {
			isa = XCConfigurationList;
			buildConfigurations = (
				8CBDE85A2AE69C9C00E5DEE5 /* Debug */,
				8CBDE85B2AE69C9C00E5DEE5 /* Release */,
			);
			defaultConfigurationIsVisible = 0;
			defaultConfigurationName = Release;
		};
		8CBDE85C2AE69C9C00E5DEE5 /* Build configuration list for PBXNativeTarget "lesson_2" */ = {
			isa = XCConfigurationList;
			buildConfigurations = (
				8CBDE85D2AE69C9C00E5DEE5 /* Debug */,
				8CBDE85E2AE69C9C00E5DEE5 /* Release */,
			);
			defaultConfigurationIsVisible = 0;
			defaultConfigurationName = Release;
		};
/* End XCConfigurationList section */
	};
	rootObject = 8CBDE84D2AE69C9B00E5DEE5 /* Project object */;
}
